
Microsoft Visual Studio Solution File, Format Version 11.00
# Visual C++ Express 2010
Project("{8BC9CEB8-8B4A-11D0-8D11-00A0C91BC942}") = "endian_test", "endian_test\endian_test.vcxproj", "{74C201F3-8308-40BE-BC0F-24974DEAF405}"
EndProject
Project("{8BC9CEB8-8B4A-11D0-8D11-00A0C91BC942}") = "endian_in_union_test", "endian_in_union_test\endian_in_union_test.vcxproj", "{3926C6DC-9D1E-4227-BEF5-81F5EC621A75}"
EndProject
Project("{8BC9CEB8-8B4A-11D0-8D11-00A0C91BC942}") = "endian_operations_test", "endian_operations_test\endian_operations_test.vcxproj", "{A0060A5B-673C-4AD8-BD08-A5C643B1A1CB}"
EndProject
Project("{8BC9CEB8-8B4A-11D0-8D11-00A0C91BC942}") = "scoped_enum_emulation_test", "scoped_enum_emulation_test\scoped_enum_emulation_test.vcxproj", "{8420E151-B23B-4651-B526-6AB11EF1E278}"
EndProject
Project("{8BC9CEB8-8B4A-11D0-8D11-00A0C91BC942}") = "endian_example", "endian_example\endian_example.vcxproj", "{8638A3D8-D121-40BF-82E5-127F1B1B2CB2}"
EndProject
Project("{8BC9CEB8-8B4A-11D0-8D11-00A0C91BC942}") = "conversion_test", "conversion_test\conversion_test.vcxproj", "{9FA33B0B-2B00-49E8-A892-E049D86076A9}"
EndProject
Project("{8BC9CEB8-8B4A-11D0-8D11-00A0C91BC942}") = "benchmark", "benchmark\benchmark.vcxproj", "{C9FEAE75-4DD9-44F5-B302-9910559A91BE}"
EndProject
Project("{8BC9CEB8-8B4A-11D0-8D11-00A0C91BC942}") = "conversion2_test", "conversion2_test\conversion2_test.vcxproj", "{6FAF820B-F436-46A2-A1DD-4A4B7025C3D0}"
EndProject
Global
	GlobalSection(SolutionConfigurationPlatforms) = preSolution
		Debug|Win32 = Debug|Win32
		Release|Win32 = Release|Win32
	EndGlobalSection
	GlobalSection(ProjectConfigurationPlatforms) = postSolution
		{74C201F3-8308-40BE-BC0F-24974DEAF405}.Debug|Win32.ActiveCfg = Debug|Win32
		{74C201F3-8308-40BE-BC0F-24974DEAF405}.Debug|Win32.Build.0 = Debug|Win32
		{74C201F3-8308-40BE-BC0F-24974DEAF405}.Release|Win32.ActiveCfg = Release|Win32
		{74C201F3-8308-40BE-BC0F-24974DEAF405}.Release|Win32.Build.0 = Release|Win32
		{3926C6DC-9D1E-4227-BEF5-81F5EC621A75}.Debug|Win32.ActiveCfg = Debug|Win32
		{3926C6DC-9D1E-4227-BEF5-81F5EC621A75}.Debug|Win32.Build.0 = Debug|Win32
		{3926C6DC-9D1E-4227-BEF5-81F5EC621A75}.Release|Win32.ActiveCfg = Release|Win32
		{3926C6DC-9D1E-4227-BEF5-81F5EC621A75}.Release|Win32.Build.0 = Release|Win32
		{A0060A5B-673C-4AD8-BD08-A5C643B1A1CB}.Debug|Win32.ActiveCfg = Debug|Win32
		{A0060A5B-673C-4AD8-BD08-A5C643B1A1CB}.Debug|Win32.Build.0 = Debug|Win32
		{A0060A5B-673C-4AD8-BD08-A5C643B1A1CB}.Release|Win32.ActiveCfg = Release|Win32
		{A0060A5B-673C-4AD8-BD08-A5C643B1A1CB}.Release|Win32.Build.0 = Release|Win32
		{8420E151-B23B-4651-B526-6AB11EF1E278}.Debug|Win32.ActiveCfg = Debug|Win32
		{8420E151-B23B-4651-B526-6AB11EF1E278}.Debug|Win32.Build.0 = Debug|Win32
		{8420E151-B23B-4651-B526-6AB11EF1E278}.Release|Win32.ActiveCfg = Release|Win32
		{8420E151-B23B-4651-B526-6AB11EF1E278}.Release|Win32.Build.0 = Release|Win32
		{8638A3D8-D121-40BF-82E5-127F1B1B2CB2}.Debug|Win32.ActiveCfg = Debug|Win32
		{8638A3D8-D121-40BF-82E5-127F1B1B2CB2}.Debug|Win32.Build.0 = Debug|Win32
		{8638A3D8-D121-40BF-82E5-127F1B1B2CB2}.Release|Win32.ActiveCfg = Release|Win32
		{8638A3D8-D121-40BF-82E5-127F1B1B2CB2}.Release|Win32.Build.0 = Release|Win32
		{9FA33B0B-2B00-49E8-A892-E049D86076A9}.Debug|Win32.ActiveCfg = Debug|Win32
		{9FA33B0B-2B00-49E8-A892-E049D86076A9}.Debug|Win32.Build.0 = Debug|Win32
		{9FA33B0B-2B00-49E8-A892-E049D86076A9}.Release|Win32.ActiveCfg = Release|Win32
		{9FA33B0B-2B00-49E8-A892-E049D86076A9}.Release|Win32.Build.0 = Release|Win32
		{C9FEAE75-4DD9-44F5-B302-9910559A91BE}.Debug|Win32.ActiveCfg = Debug|Win32
		{C9FEAE75-4DD9-44F5-B302-9910559A91BE}.Debug|Win32.Build.0 = Debug|Win32
		{C9FEAE75-4DD9-44F5-B302-9910559A91BE}.Release|Win32.ActiveCfg = Release|Win32
		{C9FEAE75-4DD9-44F5-B302-9910559A91BE}.Release|Win32.Build.0 = Release|Win32
		{6FAF820B-F436-46A2-A1DD-4A4B7025C3D0}.Debug|Win32.ActiveCfg = Debug|Win32
		{6FAF820B-F436-46A2-A1DD-4A4B7025C3D0}.Debug|Win32.Build.0 = Debug|Win32
		{6FAF820B-F436-46A2-A1DD-4A4B7025C3D0}.Release|Win32.ActiveCfg = Release|Win32
		{6FAF820B-F436-46A2-A1DD-4A4B7025C3D0}.Release|Win32.Build.0 = Release|Win32
	EndGlobalSection
	GlobalSection(SolutionProperties) = preSolution
		HideSolutionNode = FALSE
	EndGlobalSection
EndGlobal
